// !$*UTF8*$!
{
	archiveVersion = 1;
	classes = {
	};
	objectVersion = 46;
	objects = {

/* Begin PBXBuildFile section */
		21BEE36A2CE5538FB717BE5E /* Pods_GYMDIARYTests.framework in Frameworks */ = {isa = PBXBuildFile; fileRef = 1629742A1BB02F91D64240F4 /* Pods_GYMDIARYTests.framework */; };
		ACE1C325425651B3B12E4F7D /* Pods_GYMDIARY.framework in Frameworks */ = {isa = PBXBuildFile; fileRef = EFA197FBC376D8E4D3DA323D /* Pods_GYMDIARY.framework */; };
		EA53B04D17F8989CD20045E0 /* Pods_GYMDIARYUITests.framework in Frameworks */ = {isa = PBXBuildFile; fileRef = E21ED026F006EE48E4E9DBE0 /* Pods_GYMDIARYUITests.framework */; };
		EF33581F1ECD71FF0098817B /* GYMDIATY_launchscreen in Resources */ = {isa = PBXBuildFile; fileRef = EF33581E1ECD71FF0098817B /* GYMDIATY_launchscreen */; };
		EF3358211ECD83820098817B /* TrainerInfoViewController.swift in Sources */ = {isa = PBXBuildFile; fileRef = EF3358201ECD83820098817B /* TrainerInfoViewController.swift */; };
		EF3358231ECE0CFB0098817B /* WeightRecordViewController.swift in Sources */ = {isa = PBXBuildFile; fileRef = EF3358221ECE0CFB0098817B /* WeightRecordViewController.swift */; };
		EF9B31EB1EE06ECA0072EE42 /* WeatherTableVIewCell.swift in Sources */ = {isa = PBXBuildFile; fileRef = EF9B31EA1EE06ECA0072EE42 /* WeatherTableVIewCell.swift */; };
		EFBC89EF1ED88B38003B5871 /* WeatherViewController.swift in Sources */ = {isa = PBXBuildFile; fileRef = EFBC89EE1ED88B38003B5871 /* WeatherViewController.swift */; };
		EFC69E7D1ED734D700A02520 /* ScaleViewController.swift in Sources */ = {isa = PBXBuildFile; fileRef = EFC69E7C1ED734D700A02520 /* ScaleViewController.swift */; };
		EFED14121EB8AA7500ECF63B /* AppDelegate.swift in Sources */ = {isa = PBXBuildFile; fileRef = EFED14111EB8AA7500ECF63B /* AppDelegate.swift */; };
		EFED14141EB8AA7500ECF63B /* ViewController.swift in Sources */ = {isa = PBXBuildFile; fileRef = EFED14131EB8AA7500ECF63B /* ViewController.swift */; };
		EFED14171EB8AA7500ECF63B /* Main.storyboard in Resources */ = {isa = PBXBuildFile; fileRef = EFED14151EB8AA7500ECF63B /* Main.storyboard */; };
		EFED14191EB8AA7500ECF63B /* Assets.xcassets in Resources */ = {isa = PBXBuildFile; fileRef = EFED14181EB8AA7500ECF63B /* Assets.xcassets */; };
		EFED141C1EB8AA7500ECF63B /* LaunchScreen.storyboard in Resources */ = {isa = PBXBuildFile; fileRef = EFED141A1EB8AA7500ECF63B /* LaunchScreen.storyboard */; };
		EFED14271EB8AA7500ECF63B /* GYMDIARYTests.swift in Sources */ = {isa = PBXBuildFile; fileRef = EFED14261EB8AA7500ECF63B /* GYMDIARYTests.swift */; };
		EFED14321EB8AA7500ECF63B /* GYMDIARYUITests.swift in Sources */ = {isa = PBXBuildFile; fileRef = EFED14311EB8AA7500ECF63B /* GYMDIARYUITests.swift */; };
		EFED14401EB8AF3600ECF63B /* GYMDIARY_icon in Resources */ = {isa = PBXBuildFile; fileRef = EFED143F1EB8AF3600ECF63B /* GYMDIARY_icon */; };
		EFF384F01ECC4CAC0083DA30 /* launchscreen.png in Resources */ = {isa = PBXBuildFile; fileRef = EFF384EF1ECC4CAC0083DA30 /* launchscreen.png */; };
		EFF77DB61ED176E5009CB8DF /* TrainerInfo.swift in Sources */ = {isa = PBXBuildFile; fileRef = EFF77DB51ED176E5009CB8DF /* TrainerInfo.swift */; };
/* End PBXBuildFile section */

/* Begin PBXContainerItemProxy section */
		EFED14231EB8AA7500ECF63B /* PBXContainerItemProxy */ = {
			isa = PBXContainerItemProxy;
			containerPortal = EFED14061EB8AA7500ECF63B /* Project object */;
			proxyType = 1;
			remoteGlobalIDString = EFED140D1EB8AA7500ECF63B;
			remoteInfo = GYMDIARY;
		};
		EFED142E1EB8AA7500ECF63B /* PBXContainerItemProxy */ = {
			isa = PBXContainerItemProxy;
			containerPortal = EFED14061EB8AA7500ECF63B /* Project object */;
			proxyType = 1;
			remoteGlobalIDString = EFED140D1EB8AA7500ECF63B;
			remoteInfo = GYMDIARY;
		};
/* End PBXContainerItemProxy section */

/* Begin PBXFileReference section */
		1629742A1BB02F91D64240F4 /* Pods_GYMDIARYTests.framework */ = {isa = PBXFileReference; explicitFileType = wrapper.framework; includeInIndex = 0; path = Pods_GYMDIARYTests.framework; sourceTree = BUILT_PRODUCTS_DIR; };
		2E0351E262D44F33A2EAB81A /* Pods-GYMDIARYUITests.release.xcconfig */ = {isa = PBXFileReference; includeInIndex = 1; lastKnownFileType = text.xcconfig; name = "Pods-GYMDIARYUITests.release.xcconfig"; path = "Pods/Target Support Files/Pods-GYMDIARYUITests/Pods-GYMDIARYUITests.release.xcconfig"; sourceTree = "<group>"; };
		54E48D706D1AC10BC59FFAD9 /* Pods-GYMDIARYUITests.debug.xcconfig */ = {isa = PBXFileReference; includeInIndex = 1; lastKnownFileType = text.xcconfig; name = "Pods-GYMDIARYUITests.debug.xcconfig"; path = "Pods/Target Support Files/Pods-GYMDIARYUITests/Pods-GYMDIARYUITests.debug.xcconfig"; sourceTree = "<group>"; };
		59DB567BB243D307354FEF40 /* Pods-GYMDIARYTests.release.xcconfig */ = {isa = PBXFileReference; includeInIndex = 1; lastKnownFileType = text.xcconfig; name = "Pods-GYMDIARYTests.release.xcconfig"; path = "Pods/Target Support Files/Pods-GYMDIARYTests/Pods-GYMDIARYTests.release.xcconfig"; sourceTree = "<group>"; };
		5B9AF9EAE9B7E470EAE46689 /* Pods-GYMDIARY.release.xcconfig */ = {isa = PBXFileReference; includeInIndex = 1; lastKnownFileType = text.xcconfig; name = "Pods-GYMDIARY.release.xcconfig"; path = "Pods/Target Support Files/Pods-GYMDIARY/Pods-GYMDIARY.release.xcconfig"; sourceTree = "<group>"; };
		63184FC7AD2A457D7B8346AE /* Pods-GYMDIARY.debug.xcconfig */ = {isa = PBXFileReference; includeInIndex = 1; lastKnownFileType = text.xcconfig; name = "Pods-GYMDIARY.debug.xcconfig"; path = "Pods/Target Support Files/Pods-GYMDIARY/Pods-GYMDIARY.debug.xcconfig"; sourceTree = "<group>"; };
		D4AA568592B0738D14E597D8 /* Pods-GYMDIARYTests.debug.xcconfig */ = {isa = PBXFileReference; includeInIndex = 1; lastKnownFileType = text.xcconfig; name = "Pods-GYMDIARYTests.debug.xcconfig"; path = "Pods/Target Support Files/Pods-GYMDIARYTests/Pods-GYMDIARYTests.debug.xcconfig"; sourceTree = "<group>"; };
		E21ED026F006EE48E4E9DBE0 /* Pods_GYMDIARYUITests.framework */ = {isa = PBXFileReference; explicitFileType = wrapper.framework; includeInIndex = 0; path = Pods_GYMDIARYUITests.framework; sourceTree = BUILT_PRODUCTS_DIR; };
		EF33581E1ECD71FF0098817B /* GYMDIATY_launchscreen */ = {isa = PBXFileReference; lastKnownFileType = folder; path = GYMDIATY_launchscreen; sourceTree = "<group>"; };
		EF3358201ECD83820098817B /* TrainerInfoViewController.swift */ = {isa = PBXFileReference; fileEncoding = 4; lastKnownFileType = sourcecode.swift; path = TrainerInfoViewController.swift; sourceTree = "<group>"; };
		EF3358221ECE0CFB0098817B /* WeightRecordViewController.swift */ = {isa = PBXFileReference; fileEncoding = 4; lastKnownFileType = sourcecode.swift; path = WeightRecordViewController.swift; sourceTree = "<group>"; };
		EF9B31EA1EE06ECA0072EE42 /* WeatherTableVIewCell.swift */ = {isa = PBXFileReference; fileEncoding = 4; lastKnownFileType = sourcecode.swift; path = WeatherTableVIewCell.swift; sourceTree = "<group>"; };
		EFA197FBC376D8E4D3DA323D /* Pods_GYMDIARY.framework */ = {isa = PBXFileReference; explicitFileType = wrapper.framework; includeInIndex = 0; path = Pods_GYMDIARY.framework; sourceTree = BUILT_PRODUCTS_DIR; };
		EFBC89EE1ED88B38003B5871 /* WeatherViewController.swift */ = {isa = PBXFileReference; fileEncoding = 4; lastKnownFileType = sourcecode.swift; path = WeatherViewController.swift; sourceTree = "<group>"; };
		EFC69E7C1ED734D700A02520 /* ScaleViewController.swift */ = {isa = PBXFileReference; fileEncoding = 4; lastKnownFileType = sourcecode.swift; path = ScaleViewController.swift; sourceTree = "<group>"; };
		EFED140E1EB8AA7500ECF63B /* GYMDIARY.app */ = {isa = PBXFileReference; explicitFileType = wrapper.application; includeInIndex = 0; path = GYMDIARY.app; sourceTree = BUILT_PRODUCTS_DIR; };
		EFED14111EB8AA7500ECF63B /* AppDelegate.swift */ = {isa = PBXFileReference; lastKnownFileType = sourcecode.swift; path = AppDelegate.swift; sourceTree = "<group>"; };
		EFED14131EB8AA7500ECF63B /* ViewController.swift */ = {isa = PBXFileReference; lastKnownFileType = sourcecode.swift; path = ViewController.swift; sourceTree = "<group>"; };
		EFED14161EB8AA7500ECF63B /* Base */ = {isa = PBXFileReference; lastKnownFileType = file.storyboard; name = Base; path = Base.lproj/Main.storyboard; sourceTree = "<group>"; };
		EFED14181EB8AA7500ECF63B /* Assets.xcassets */ = {isa = PBXFileReference; lastKnownFileType = folder.assetcatalog; path = Assets.xcassets; sourceTree = "<group>"; };
		EFED141B1EB8AA7500ECF63B /* Base */ = {isa = PBXFileReference; lastKnownFileType = file.storyboard; name = Base; path = Base.lproj/LaunchScreen.storyboard; sourceTree = "<group>"; };
		EFED141D1EB8AA7500ECF63B /* Info.plist */ = {isa = PBXFileReference; lastKnownFileType = text.plist.xml; path = Info.plist; sourceTree = "<group>"; };
		EFED14221EB8AA7500ECF63B /* GYMDIARYTests.xctest */ = {isa = PBXFileReference; explicitFileType = wrapper.cfbundle; includeInIndex = 0; path = GYMDIARYTests.xctest; sourceTree = BUILT_PRODUCTS_DIR; };
		EFED14261EB8AA7500ECF63B /* GYMDIARYTests.swift */ = {isa = PBXFileReference; lastKnownFileType = sourcecode.swift; path = GYMDIARYTests.swift; sourceTree = "<group>"; };
		EFED14281EB8AA7500ECF63B /* Info.plist */ = {isa = PBXFileReference; lastKnownFileType = text.plist.xml; path = Info.plist; sourceTree = "<group>"; };
		EFED142D1EB8AA7500ECF63B /* GYMDIARYUITests.xctest */ = {isa = PBXFileReference; explicitFileType = wrapper.cfbundle; includeInIndex = 0; path = GYMDIARYUITests.xctest; sourceTree = BUILT_PRODUCTS_DIR; };
		EFED14311EB8AA7500ECF63B /* GYMDIARYUITests.swift */ = {isa = PBXFileReference; lastKnownFileType = sourcecode.swift; path = GYMDIARYUITests.swift; sourceTree = "<group>"; };
		EFED14331EB8AA7500ECF63B /* Info.plist */ = {isa = PBXFileReference; lastKnownFileType = text.plist.xml; path = Info.plist; sourceTree = "<group>"; };
		EFED143F1EB8AF3600ECF63B /* GYMDIARY_icon */ = {isa = PBXFileReference; lastKnownFileType = folder; path = GYMDIARY_icon; sourceTree = "<group>"; };
		EFF384EF1ECC4CAC0083DA30 /* launchscreen.png */ = {isa = PBXFileReference; lastKnownFileType = image.png; path = launchscreen.png; sourceTree = "<group>"; };
		EFF77DB51ED176E5009CB8DF /* TrainerInfo.swift */ = {isa = PBXFileReference; fileEncoding = 4; lastKnownFileType = sourcecode.swift; path = TrainerInfo.swift; sourceTree = "<group>"; };
/* End PBXFileReference section */

/* Begin PBXFrameworksBuildPhase section */
		EFED140B1EB8AA7500ECF63B /* Frameworks */ = {
			isa = PBXFrameworksBuildPhase;
			buildActionMask = 2147483647;
			files = (
				ACE1C325425651B3B12E4F7D /* Pods_GYMDIARY.framework in Frameworks */,
			);
			runOnlyForDeploymentPostprocessing = 0;
		};
		EFED141F1EB8AA7500ECF63B /* Frameworks */ = {
			isa = PBXFrameworksBuildPhase;
			buildActionMask = 2147483647;
			files = (
				21BEE36A2CE5538FB717BE5E /* Pods_GYMDIARYTests.framework in Frameworks */,
			);
			runOnlyForDeploymentPostprocessing = 0;
		};
		EFED142A1EB8AA7500ECF63B /* Frameworks */ = {
			isa = PBXFrameworksBuildPhase;
			buildActionMask = 2147483647;
			files = (
				EA53B04D17F8989CD20045E0 /* Pods_GYMDIARYUITests.framework in Frameworks */,
			);
			runOnlyForDeploymentPostprocessing = 0;
		};
/* End PBXFrameworksBuildPhase section */

/* Begin PBXGroup section */
		0075C3AB525117BA5C84B1EE /* Pods */ = {
			isa = PBXGroup;
			children = (
				63184FC7AD2A457D7B8346AE /* Pods-GYMDIARY.debug.xcconfig */,
				5B9AF9EAE9B7E470EAE46689 /* Pods-GYMDIARY.release.xcconfig */,
				D4AA568592B0738D14E597D8 /* Pods-GYMDIARYTests.debug.xcconfig */,
				59DB567BB243D307354FEF40 /* Pods-GYMDIARYTests.release.xcconfig */,
				54E48D706D1AC10BC59FFAD9 /* Pods-GYMDIARYUITests.debug.xcconfig */,
				2E0351E262D44F33A2EAB81A /* Pods-GYMDIARYUITests.release.xcconfig */,
			);
			name = Pods;
			sourceTree = "<group>";
		};
		2AAFE8189774B4F3049A8835 /* Frameworks */ = {
			isa = PBXGroup;
			children = (
				EFA197FBC376D8E4D3DA323D /* Pods_GYMDIARY.framework */,
				1629742A1BB02F91D64240F4 /* Pods_GYMDIARYTests.framework */,
				E21ED026F006EE48E4E9DBE0 /* Pods_GYMDIARYUITests.framework */,
			);
			name = Frameworks;
			sourceTree = "<group>";
		};
		EFED14051EB8AA7500ECF63B = {
			isa = PBXGroup;
			children = (
				EFF384EF1ECC4CAC0083DA30 /* launchscreen.png */,
				EFED14101EB8AA7500ECF63B /* GYMDIARY */,
				EFED14251EB8AA7500ECF63B /* GYMDIARYTests */,
				EFED14301EB8AA7500ECF63B /* GYMDIARYUITests */,
				EFED140F1EB8AA7500ECF63B /* Products */,
				EF33581E1ECD71FF0098817B /* GYMDIATY_launchscreen */,
				EFED143F1EB8AF3600ECF63B /* GYMDIARY_icon */,
				0075C3AB525117BA5C84B1EE /* Pods */,
				2AAFE8189774B4F3049A8835 /* Frameworks */,
			);
			sourceTree = "<group>";
		};
		EFED140F1EB8AA7500ECF63B /* Products */ = {
			isa = PBXGroup;
			children = (
				EFED140E1EB8AA7500ECF63B /* GYMDIARY.app */,
				EFED14221EB8AA7500ECF63B /* GYMDIARYTests.xctest */,
				EFED142D1EB8AA7500ECF63B /* GYMDIARYUITests.xctest */,
			);
			name = Products;
			sourceTree = "<group>";
		};
		EFED14101EB8AA7500ECF63B /* GYMDIARY */ = {
			isa = PBXGroup;
			children = (
				EFED14111EB8AA7500ECF63B /* AppDelegate.swift */,
				EFED14131EB8AA7500ECF63B /* ViewController.swift */,
				EFF77DB51ED176E5009CB8DF /* TrainerInfo.swift */,
				EF3358201ECD83820098817B /* TrainerInfoViewController.swift */,
				EF3358221ECE0CFB0098817B /* WeightRecordViewController.swift */,
				EFC69E7C1ED734D700A02520 /* ScaleViewController.swift */,
				EFBC89EE1ED88B38003B5871 /* WeatherViewController.swift */,
				EF9B31EA1EE06ECA0072EE42 /* WeatherTableVIewCell.swift */,
				EFED14151EB8AA7500ECF63B /* Main.storyboard */,
				EFED14181EB8AA7500ECF63B /* Assets.xcassets */,
				EFED141A1EB8AA7500ECF63B /* LaunchScreen.storyboard */,
				EFED141D1EB8AA7500ECF63B /* Info.plist */,
			);
			path = GYMDIARY;
			sourceTree = "<group>";
		};
		EFED14251EB8AA7500ECF63B /* GYMDIARYTests */ = {
			isa = PBXGroup;
			children = (
				EFED14261EB8AA7500ECF63B /* GYMDIARYTests.swift */,
				EFED14281EB8AA7500ECF63B /* Info.plist */,
			);
			path = GYMDIARYTests;
			sourceTree = "<group>";
		};
		EFED14301EB8AA7500ECF63B /* GYMDIARYUITests */ = {
			isa = PBXGroup;
			children = (
				EFED14311EB8AA7500ECF63B /* GYMDIARYUITests.swift */,
				EFED14331EB8AA7500ECF63B /* Info.plist */,
			);
			path = GYMDIARYUITests;
			sourceTree = "<group>";
		};
/* End PBXGroup section */

/* Begin PBXNativeTarget section */
		EFED140D1EB8AA7500ECF63B /* GYMDIARY */ = {
			isa = PBXNativeTarget;
			buildConfigurationList = EFED14361EB8AA7500ECF63B /* Build configuration list for PBXNativeTarget "GYMDIARY" */;
			buildPhases = (
				5FF4AF8E6834979E11CB7D91 /* [CP] Check Pods Manifest.lock */,
				EFED140A1EB8AA7500ECF63B /* Sources */,
				EFED140B1EB8AA7500ECF63B /* Frameworks */,
				EFED140C1EB8AA7500ECF63B /* Resources */,
				ED01C80B8FCA4269FA83CF9F /* [CP] Embed Pods Frameworks */,
				BB54D1F3D34FCB24415545F8 /* [CP] Copy Pods Resources */,
			);
			buildRules = (
			);
			dependencies = (
			);
			name = GYMDIARY;
			productName = GYMDIARY;
			productReference = EFED140E1EB8AA7500ECF63B /* GYMDIARY.app */;
			productType = "com.apple.product-type.application";
		};
		EFED14211EB8AA7500ECF63B /* GYMDIARYTests */ = {
			isa = PBXNativeTarget;
			buildConfigurationList = EFED14391EB8AA7500ECF63B /* Build configuration list for PBXNativeTarget "GYMDIARYTests" */;
			buildPhases = (
				123F649D73B29DE11FDB8622 /* [CP] Check Pods Manifest.lock */,
				EFED141E1EB8AA7500ECF63B /* Sources */,
				EFED141F1EB8AA7500ECF63B /* Frameworks */,
				EFED14201EB8AA7500ECF63B /* Resources */,
				F0FBAB83775EEF1D7DEB3A79 /* [CP] Embed Pods Frameworks */,
				F39C0A96C5770F061F0B5143 /* [CP] Copy Pods Resources */,
			);
			buildRules = (
			);
			dependencies = (
				EFED14241EB8AA7500ECF63B /* PBXTargetDependency */,
			);
			name = GYMDIARYTests;
			productName = GYMDIARYTests;
			productReference = EFED14221EB8AA7500ECF63B /* GYMDIARYTests.xctest */;
			productType = "com.apple.product-type.bundle.unit-test";
		};
		EFED142C1EB8AA7500ECF63B /* GYMDIARYUITests */ = {
			isa = PBXNativeTarget;
			buildConfigurationList = EFED143C1EB8AA7500ECF63B /* Build configuration list for PBXNativeTarget "GYMDIARYUITests" */;
			buildPhases = (
				9E4F1CCFE6C7ADBE34C6F3A0 /* [CP] Check Pods Manifest.lock */,
				EFED14291EB8AA7500ECF63B /* Sources */,
				EFED142A1EB8AA7500ECF63B /* Frameworks */,
				EFED142B1EB8AA7500ECF63B /* Resources */,
				A2159921B5EB52F76C7A8F5A /* [CP] Embed Pods Frameworks */,
				9EB189BD0DB4280843C464A3 /* [CP] Copy Pods Resources */,
			);
			buildRules = (
			);
			dependencies = (
				EFED142F1EB8AA7500ECF63B /* PBXTargetDependency */,
			);
			name = GYMDIARYUITests;
			productName = GYMDIARYUITests;
			productReference = EFED142D1EB8AA7500ECF63B /* GYMDIARYUITests.xctest */;
			productType = "com.apple.product-type.bundle.ui-testing";
		};
/* End PBXNativeTarget section */

/* Begin PBXProject section */
		EFED14061EB8AA7500ECF63B /* Project object */ = {
			isa = PBXProject;
			attributes = {
				LastSwiftUpdateCheck = 0830;
				LastUpgradeCheck = 0830;
				ORGANIZATIONNAME = ArizaKuo;
				TargetAttributes = {
					EFED140D1EB8AA7500ECF63B = {
						CreatedOnToolsVersion = 8.3.2;
						DevelopmentTeam = A5UXJR76G3;
						ProvisioningStyle = Automatic;
					};
					EFED14211EB8AA7500ECF63B = {
						CreatedOnToolsVersion = 8.3.2;
						DevelopmentTeam = A5UXJR76G3;
						ProvisioningStyle = Automatic;
						TestTargetID = EFED140D1EB8AA7500ECF63B;
					};
					EFED142C1EB8AA7500ECF63B = {
						CreatedOnToolsVersion = 8.3.2;
						DevelopmentTeam = A5UXJR76G3;
						ProvisioningStyle = Automatic;
						TestTargetID = EFED140D1EB8AA7500ECF63B;
					};
				};
			};
			buildConfigurationList = EFED14091EB8AA7500ECF63B /* Build configuration list for PBXProject "GYMDIARY" */;
			compatibilityVersion = "Xcode 3.2";
			developmentRegion = English;
			hasScannedForEncodings = 0;
			knownRegions = (
				en,
				Base,
			);
			mainGroup = EFED14051EB8AA7500ECF63B;
			productRefGroup = EFED140F1EB8AA7500ECF63B /* Products */;
			projectDirPath = "";
			projectRoot = "";
			targets = (
				EFED140D1EB8AA7500ECF63B /* GYMDIARY */,
				EFED14211EB8AA7500ECF63B /* GYMDIARYTests */,
				EFED142C1EB8AA7500ECF63B /* GYMDIARYUITests */,
			);
		};
/* End PBXProject section */

/* Begin PBXResourcesBuildPhase section */
		EFED140C1EB8AA7500ECF63B /* Resources */ = {
			isa = PBXResourcesBuildPhase;
			buildActionMask = 2147483647;
			files = (
				EFF384F01ECC4CAC0083DA30 /* launchscreen.png in Resources */,
				EF33581F1ECD71FF0098817B /* GYMDIATY_launchscreen in Resources */,
				EFED141C1EB8AA7500ECF63B /* LaunchScreen.storyboard in Resources */,
				EFED14191EB8AA7500ECF63B /* Assets.xcassets in Resources */,
				EFED14171EB8AA7500ECF63B /* Main.storyboard in Resources */,
				EFED14401EB8AF3600ECF63B /* GYMDIARY_icon in Resources */,
			);
			runOnlyForDeploymentPostprocessing = 0;
		};
		EFED14201EB8AA7500ECF63B /* Resources */ = {
			isa = PBXResourcesBuildPhase;
			buildActionMask = 2147483647;
			files = (
			);
			runOnlyForDeploymentPostprocessing = 0;
		};
		EFED142B1EB8AA7500ECF63B /* Resources */ = {
			isa = PBXResourcesBuildPhase;
			buildActionMask = 2147483647;
			files = (
			);
			runOnlyForDeploymentPostprocessing = 0;
		};
/* End PBXResourcesBuildPhase section */

/* Begin PBXShellScriptBuildPhase section */
		123F649D73B29DE11FDB8622 /* [CP] Check Pods Manifest.lock */ = {
			isa = PBXShellScriptBuildPhase;
			buildActionMask = 2147483647;
			files = (
			);
			inputPaths = (
			);
			name = "[CP] Check Pods Manifest.lock";
			outputPaths = (
			);
			runOnlyForDeploymentPostprocessing = 0;
			shellPath = /bin/sh;
			shellScript = "diff \"${PODS_PODFILE_DIR_PATH}/Podfile.lock\" \"${PODS_ROOT}/Manifest.lock\" > /dev/null\nif [ $? != 0 ] ; then\n    # print error to STDERR\n    echo \"error: The sandbox is not in sync with the Podfile.lock. Run 'pod install' or update your CocoaPods installation.\" >&2\n    exit 1\nfi\n";
			showEnvVarsInLog = 0;
		};
		5FF4AF8E6834979E11CB7D91 /* [CP] Check Pods Manifest.lock */ = {
			isa = PBXShellScriptBuildPhase;
			buildActionMask = 2147483647;
			files = (
			);
			inputPaths = (
			);
			name = "[CP] Check Pods Manifest.lock";
			outputPaths = (
			);
			runOnlyForDeploymentPostprocessing = 0;
			shellPath = /bin/sh;
			shellScript = "diff \"${PODS_PODFILE_DIR_PATH}/Podfile.lock\" \"${PODS_ROOT}/Manifest.lock\" > /dev/null\nif [ $? != 0 ] ; then\n    # print error to STDERR\n    echo \"error: The sandbox is not in sync with the Podfile.lock. Run 'pod install' or update your CocoaPods installation.\" >&2\n    exit 1\nfi\n";
			showEnvVarsInLog = 0;
		};
		9E4F1CCFE6C7ADBE34C6F3A0 /* [CP] Check Pods Manifest.lock */ = {
			isa = PBXShellScriptBuildPhase;
			buildActionMask = 2147483647;
			files = (
			);
			inputPaths = (
			);
			name = "[CP] Check Pods Manifest.lock";
			outputPaths = (
			);
			runOnlyForDeploymentPostprocessing = 0;
			shellPath = /bin/sh;
			shellScript = "diff \"${PODS_PODFILE_DIR_PATH}/Podfile.lock\" \"${PODS_ROOT}/Manifest.lock\" > /dev/null\nif [ $? != 0 ] ; then\n    # print error to STDERR\n    echo \"error: The sandbox is not in sync with the Podfile.lock. Run 'pod install' or update your CocoaPods installation.\" >&2\n    exit 1\nfi\n";
			showEnvVarsInLog = 0;
		};
		9EB189BD0DB4280843C464A3 /* [CP] Copy Pods Resources */ = {
			isa = PBXShellScriptBuildPhase;
			buildActionMask = 2147483647;
			files = (
			);
			inputPaths = (
			);
			name = "[CP] Copy Pods Resources";
			outputPaths = (
			);
			runOnlyForDeploymentPostprocessing = 0;
			shellPath = /bin/sh;
			shellScript = "\"${SRCROOT}/Pods/Target Support Files/Pods-GYMDIARYUITests/Pods-GYMDIARYUITests-resources.sh\"\n";
			showEnvVarsInLog = 0;
		};
		A2159921B5EB52F76C7A8F5A /* [CP] Embed Pods Frameworks */ = {
			isa = PBXShellScriptBuildPhase;
			buildActionMask = 2147483647;
			files = (
			);
			inputPaths = (
			);
			name = "[CP] Embed Pods Frameworks";
			outputPaths = (
			);
			runOnlyForDeploymentPostprocessing = 0;
			shellPath = /bin/sh;
			shellScript = "\"${SRCROOT}/Pods/Target Support Files/Pods-GYMDIARYUITests/Pods-GYMDIARYUITests-frameworks.sh\"\n";
			showEnvVarsInLog = 0;
		};
		BB54D1F3D34FCB24415545F8 /* [CP] Copy Pods Resources */ = {
			isa = PBXShellScriptBuildPhase;
			buildActionMask = 2147483647;
			files = (
			);
			inputPaths = (
			);
			name = "[CP] Copy Pods Resources";
			outputPaths = (
			);
			runOnlyForDeploymentPostprocessing = 0;
			shellPath = /bin/sh;
			shellScript = "\"${SRCROOT}/Pods/Target Support Files/Pods-GYMDIARY/Pods-GYMDIARY-resources.sh\"\n";
			showEnvVarsInLog = 0;
		};
		ED01C80B8FCA4269FA83CF9F /* [CP] Embed Pods Frameworks */ = {
			isa = PBXShellScriptBuildPhase;
			buildActionMask = 2147483647;
			files = (
			);
			inputPaths = (
			);
			name = "[CP] Embed Pods Frameworks";
			outputPaths = (
			);
			runOnlyForDeploymentPostprocessing = 0;
			shellPath = /bin/sh;
			shellScript = "\"${SRCROOT}/Pods/Target Support Files/Pods-GYMDIARY/Pods-GYMDIARY-frameworks.sh\"\n";
			showEnvVarsInLog = 0;
		};
		F0FBAB83775EEF1D7DEB3A79 /* [CP] Embed Pods Frameworks */ = {
			isa = PBXShellScriptBuildPhase;
			buildActionMask = 2147483647;
			files = (
			);
			inputPaths = (
			);
			name = "[CP] Embed Pods Frameworks";
			outputPaths = (
			);
			runOnlyForDeploymentPostprocessing = 0;
			shellPath = /bin/sh;
			shellScript = "\"${SRCROOT}/Pods/Target Support Files/Pods-GYMDIARYTests/Pods-GYMDIARYTests-frameworks.sh\"\n";
			showEnvVarsInLog = 0;
		};
		F39C0A96C5770F061F0B5143 /* [CP] Copy Pods Resources */ = {
			isa = PBXShellScriptBuildPhase;
			buildActionMask = 2147483647;
			files = (
			);
			inputPaths = (
			);
			name = "[CP] Copy Pods Resources";
			outputPaths = (
			);
			runOnlyForDeploymentPostprocessing = 0;
			shellPath = /bin/sh;
			shellScript = "\"${SRCROOT}/Pods/Target Support Files/Pods-GYMDIARYTests/Pods-GYMDIARYTests-resources.sh\"\n";
			showEnvVarsInLog = 0;
		};
/* End PBXShellScriptBuildPhase section */

/* Begin PBXSourcesBuildPhase section */
		EFED140A1EB8AA7500ECF63B /* Sources */ = {
			isa = PBXSourcesBuildPhase;
			buildActionMask = 2147483647;
			files = (
				EF9B31EB1EE06ECA0072EE42 /* WeatherTableVIewCell.swift in Sources */,
				EFED14141EB8AA7500ECF63B /* ViewController.swift in Sources */,
				EF3358211ECD83820098817B /* TrainerInfoViewController.swift in Sources */,
				EF3358231ECE0CFB0098817B /* WeightRecordViewController.swift in Sources */,
				EFC69E7D1ED734D700A02520 /* ScaleViewController.swift in Sources */,
				EFBC89EF1ED88B38003B5871 /* WeatherViewController.swift in Sources */,
				EFED14121EB8AA7500ECF63B /* AppDelegate.swift in Sources */,
				EFF77DB61ED176E5009CB8DF /* TrainerInfo.swift in Sources */,
			);
			runOnlyForDeploymentPostprocessing = 0;
		};
		EFED141E1EB8AA7500ECF63B /* Sources */ = {
			isa = PBXSourcesBuildPhase;
			buildActionMask = 2147483647;
			files = (
				EFED14271EB8AA7500ECF63B /* GYMDIARYTests.swift in Sources */,
			);
			runOnlyForDeploymentPostprocessing = 0;
		};
		EFED14291EB8AA7500ECF63B /* Sources */ = {
			isa = PBXSourcesBuildPhase;
			buildActionMask = 2147483647;
			files = (
				EFED14321EB8AA7500ECF63B /* GYMDIARYUITests.swift in Sources */,
			);
			runOnlyForDeploymentPostprocessing = 0;
		};
/* End PBXSourcesBuildPhase section */

/* Begin PBXTargetDependency section */
		EFED14241EB8AA7500ECF63B /* PBXTargetDependency */ = {
			isa = PBXTargetDependency;
			target = EFED140D1EB8AA7500ECF63B /* GYMDIARY */;
			targetProxy = EFED14231EB8AA7500ECF63B /* PBXContainerItemProxy */;
		};
		EFED142F1EB8AA7500ECF63B /* PBXTargetDependency */ = {
			isa = PBXTargetDependency;
			target = EFED140D1EB8AA7500ECF63B /* GYMDIARY */;
			targetProxy = EFED142E1EB8AA7500ECF63B /* PBXContainerItemProxy */;
		};
/* End PBXTargetDependency section */

/* Begin PBXVariantGroup section */
		EFED14151EB8AA7500ECF63B /* Main.storyboard */ = {
			isa = PBXVariantGroup;
			children = (
				EFED14161EB8AA7500ECF63B /* Base */,
			);
			name = Main.storyboard;
			sourceTree = "<group>";
		};
		EFED141A1EB8AA7500ECF63B /* LaunchScreen.storyboard */ = {
			isa = PBXVariantGroup;
			children = (
				EFED141B1EB8AA7500ECF63B /* Base */,
			);
			name = LaunchScreen.storyboard;
			sourceTree = "<group>";
		};
/* End PBXVariantGroup section */

/* Begin XCBuildConfiguration section */
		EFED14341EB8AA7500ECF63B /* Debug */ = {
			isa = XCBuildConfiguration;
			buildSettings = {
				ALWAYS_SEARCH_USER_PATHS = NO;
				CLANG_ANALYZER_NONNULL = YES;
				CLANG_ANALYZER_NUMBER_OBJECT_CONVERSION = YES_AGGRESSIVE;
				CLANG_CXX_LANGUAGE_STANDARD = "gnu++0x";
				CLANG_CXX_LIBRARY = "libc++";
				CLANG_ENABLE_MODULES = YES;
				CLANG_ENABLE_OBJC_ARC = YES;
				CLANG_WARN_BOOL_CONVERSION = YES;
				CLANG_WARN_CONSTANT_CONVERSION = YES;
				CLANG_WARN_DIRECT_OBJC_ISA_USAGE = YES_ERROR;
				CLANG_WARN_DOCUMENTATION_COMMENTS = YES;
				CLANG_WARN_EMPTY_BODY = YES;
				CLANG_WARN_ENUM_CONVERSION = YES;
				CLANG_WARN_INFINITE_RECURSION = YES;
				CLANG_WARN_INT_CONVERSION = YES;
				CLANG_WARN_OBJC_ROOT_CLASS = YES_ERROR;
				CLANG_WARN_SUSPICIOUS_MOVE = YES;
				CLANG_WARN_UNREACHABLE_CODE = YES;
				CLANG_WARN__DUPLICATE_METHOD_MATCH = YES;
				"CODE_SIGN_IDENTITY[sdk=iphoneos*]" = "iPhone Developer";
				COPY_PHASE_STRIP = NO;
				DEBUG_INFORMATION_FORMAT = dwarf;
				ENABLE_STRICT_OBJC_MSGSEND = YES;
				ENABLE_TESTABILITY = YES;
				GCC_C_LANGUAGE_STANDARD = gnu99;
				GCC_DYNAMIC_NO_PIC = NO;
				GCC_NO_COMMON_BLOCKS = YES;
				GCC_OPTIMIZATION_LEVEL = 0;
				GCC_PREPROCESSOR_DEFINITIONS = (
					"DEBUG=1",
					"$(inherited)",
				);
				GCC_WARN_64_TO_32_BIT_CONVERSION = YES;
				GCC_WARN_ABOUT_RETURN_TYPE = YES_ERROR;
				GCC_WARN_UNDECLARED_SELECTOR = YES;
				GCC_WARN_UNINITIALIZED_AUTOS = YES_AGGRESSIVE;
				GCC_WARN_UNUSED_FUNCTION = YES;
				GCC_WARN_UNUSED_VARIABLE = YES;
				IPHONEOS_DEPLOYMENT_TARGET = 10.3;
				MTL_ENABLE_DEBUG_INFO = YES;
				ONLY_ACTIVE_ARCH = YES;
				SDKROOT = iphoneos;
				SWIFT_ACTIVE_COMPILATION_CONDITIONS = DEBUG;
				SWIFT_OPTIMIZATION_LEVEL = "-Onone";
				TARGETED_DEVICE_FAMILY = "1,2";
			};
			name = Debug;
		};
		EFED14351EB8AA7500ECF63B /* Release */ = {
			isa = XCBuildConfiguration;
			buildSettings = {
				ALWAYS_SEARCH_USER_PATHS = NO;
				CLANG_ANALYZER_NONNULL = YES;
				CLANG_ANALYZER_NUMBER_OBJECT_CONVERSION = YES_AGGRESSIVE;
				CLANG_CXX_LANGUAGE_STANDARD = "gnu++0x";
				CLANG_CXX_LIBRARY = "libc++";
				CLANG_ENABLE_MODULES = YES;
				CLANG_ENABLE_OBJC_ARC = YES;
				CLANG_WARN_BOOL_CONVERSION = YES;
				CLANG_WARN_CONSTANT_CONVERSION = YES;
				CLANG_WARN_DIRECT_OBJC_ISA_USAGE = YES_ERROR;
				CLANG_WARN_DOCUMENTATION_COMMENTS = YES;
				CLANG_WARN_EMPTY_BODY = YES;
				CLANG_WARN_ENUM_CONVERSION = YES;
				CLANG_WARN_INFINITE_RECURSION = YES;
				CLANG_WARN_INT_CONVERSION = YES;
				CLANG_WARN_OBJC_ROOT_CLASS = YES_ERROR;
				CLANG_WARN_SUSPICIOUS_MOVE = YES;
				CLANG_WARN_UNREACHABLE_CODE = YES;
				CLANG_WARN__DUPLICATE_METHOD_MATCH = YES;
				"CODE_SIGN_IDENTITY[sdk=iphoneos*]" = "iPhone Developer";
				COPY_PHASE_STRIP = NO;
				DEBUG_INFORMATION_FORMAT = "dwarf-with-dsym";
				ENABLE_NS_ASSERTIONS = NO;
				ENABLE_STRICT_OBJC_MSGSEND = YES;
				GCC_C_LANGUAGE_STANDARD = gnu99;
				GCC_NO_COMMON_BLOCKS = YES;
				GCC_WARN_64_TO_32_BIT_CONVERSION = YES;
				GCC_WARN_ABOUT_RETURN_TYPE = YES_ERROR;
				GCC_WARN_UNDECLARED_SELECTOR = YES;
				GCC_WARN_UNINITIALIZED_AUTOS = YES_AGGRESSIVE;
				GCC_WARN_UNUSED_FUNCTION = YES;
				GCC_WARN_UNUSED_VARIABLE = YES;
				IPHONEOS_DEPLOYMENT_TARGET = 10.3;
				MTL_ENABLE_DEBUG_INFO = NO;
				SDKROOT = iphoneos;
				SWIFT_OPTIMIZATION_LEVEL = "-Owholemodule";
				TARGETED_DEVICE_FAMILY = "1,2";
				VALIDATE_PRODUCT = YES;
			};
			name = Release;
		};
		EFED14371EB8AA7500ECF63B /* Debug */ = {
			isa = XCBuildConfiguration;
			baseConfigurationReference = 63184FC7AD2A457D7B8346AE /* Pods-GYMDIARY.debug.xcconfig */;
			buildSettings = {
				ASSETCATALOG_COMPILER_APPICON_NAME = AppIcon;
				DEVELOPMENT_TEAM = A5UXJR76G3;
				INFOPLIST_FILE = GYMDIARY/Info.plist;
				IPHONEOS_DEPLOYMENT_TARGET = 10.0;
				LD_RUNPATH_SEARCH_PATHS = "$(inherited) @executable_path/Frameworks";
				PRODUCT_BUNDLE_IDENTIFIER = com.ArizaKuo.GYMDIARY;
				PRODUCT_NAME = "$(TARGET_NAME)";
				SWIFT_VERSION = 3.0;
				TARGETED_DEVICE_FAMILY = 1;
			};
			name = Debug;
		};
		EFED14381EB8AA7500ECF63B /* Release */ = {
			isa = XCBuildConfiguration;
			baseConfigurationReference = 5B9AF9EAE9B7E470EAE46689 /* Pods-GYMDIARY.release.xcconfig */;
			buildSettings = {
				ASSETCATALOG_COMPILER_APPICON_NAME = AppIcon;
				DEVELOPMENT_TEAM = A5UXJR76G3;
				INFOPLIST_FILE = GYMDIARY/Info.plist;
				IPHONEOS_DEPLOYMENT_TARGET = 10.0;
				LD_RUNPATH_SEARCH_PATHS = "$(inherited) @executable_path/Frameworks";
				PRODUCT_BUNDLE_IDENTIFIER = com.ArizaKuo.GYMDIARY;
				PRODUCT_NAME = "$(TARGET_NAME)";
				SWIFT_VERSION = 3.0;
				TARGETED_DEVICE_FAMILY = 1;
			};
			name = Release;
		};
		EFED143A1EB8AA7500ECF63B /* Debug */ = {
			isa = XCBuildConfiguration;
			baseConfigurationReference = D4AA568592B0738D14E597D8 /* Pods-GYMDIARYTests.debug.xcconfig */;
			buildSettings = {
				ALWAYS_EMBED_SWIFT_STANDARD_LIBRARIES = YES;
				BUNDLE_LOADER = "$(TEST_HOST)";
				DEVELOPMENT_TEAM = A5UXJR76G3;
				INFOPLIST_FILE = GYMDIARYTests/Info.plist;
				LD_RUNPATH_SEARCH_PATHS = "$(inherited) @executable_path/Frameworks @loader_path/Frameworks";
				PRODUCT_BUNDLE_IDENTIFIER = com.ArizaKuo.GYMDIARYTests;
				PRODUCT_NAME = "$(TARGET_NAME)";
				SWIFT_VERSION = 3.0;
				TEST_HOST = "$(BUILT_PRODUCTS_DIR)/GYMDIARY.app/GYMDIARY";
			};
			name = Debug;
		};
		EFED143B1EB8AA7500ECF63B /* Release */ = {
			isa = XCBuildConfiguration;
			baseConfigurationReference = 59DB567BB243D307354FEF40 /* Pods-GYMDIARYTests.release.xcconfig */;
			buildSettings = {
				ALWAYS_EMBED_SWIFT_STANDARD_LIBRARIES = YES;
				BUNDLE_LOADER = "$(TEST_HOST)";
				DEVELOPMENT_TEAM = A5UXJR76G3;
				INFOPLIST_FILE = GYMDIARYTests/Info.plist;
				LD_RUNPATH_SEARCH_PATHS = "$(inherited) @executable_path/Frameworks @loader_path/Frameworks";
				PRODUCT_BUNDLE_IDENTIFIER = com.ArizaKuo.GYMDIARYTests;
				PRODUCT_NAME = "$(TARGET_NAME)";
				SWIFT_VERSION = 3.0;
				TEST_HOST = "$(BUILT_PRODUCTS_DIR)/GYMDIARY.app/GYMDIARY";
			};
			name = Release;
		};
		EFED143D1EB8AA7500ECF63B /* Debug */ = {
			isa = XCBuildConfiguration;
			baseConfigurationReference = 54E48D706D1AC10BC59FFAD9 /* Pods-GYMDIARYUITests.debug.xcconfig */;
			buildSettings = {
				ALWAYS_EMBED_SWIFT_STANDARD_LIBRARIES = YES;
				DEVELOPMENT_TEAM = A5UXJR76G3;
				INFOPLIST_FILE = GYMDIARYUITests/Info.plist;
				LD_RUNPATH_SEARCH_PATHS = "$(inherited) @executable_path/Frameworks @loader_path/Frameworks";
				PRODUCT_BUNDLE_IDENTIFIER = com.ArizaKuo.GYMDIARYUITests;
				PRODUCT_NAME = "$(TARGET_NAME)";
				SWIFT_VERSION = 3.0;
				TEST_TARGET_NAME = GYMDIARY;
			};
			name = Debug;
		};
		EFED143E1EB8AA7500ECF63B /* Release */ = {
			isa = XCBuildConfiguration;
			baseConfigurationReference = 2E0351E262D44F33A2EAB81A /* Pods-GYMDIARYUITests.release.xcconfig */;
			buildSettings = {
				ALWAYS_EMBED_SWIFT_STANDARD_LIBRARIES = YES;
				DEVELOPMENT_TEAM = A5UXJR76G3;
				INFOPLIST_FILE = GYMDIARYUITests/Info.plist;
				LD_RUNPATH_SEARCH_PATHS = "$(inherited) @executable_path/Frameworks @loader_path/Frameworks";
				PRODUCT_BUNDLE_IDENTIFIER = com.ArizaKuo.GYMDIARYUITests;
				PRODUCT_NAME = "$(TARGET_NAME)";
				SWIFT_VERSION = 3.0;
				TEST_TARGET_NAME = GYMDIARY;
			};
			name = Release;
		};
/* End XCBuildConfiguration section */

/* Begin XCConfigurationList section */
		EFED14091EB8AA7500ECF63B /* Build configuration list for PBXProject "GYMDIARY" */ = {
			isa = XCConfigurationList;
			buildConfigurations = (
				EFED14341EB8AA7500ECF63B /* Debug */,
				EFED14351EB8AA7500ECF63B /* Release */,
			);
			defaultConfigurationIsVisible = 0;
			defaultConfigurationName = Release;
		};
		EFED14361EB8AA7500ECF63B /* Build configuration list for PBXNativeTarget "GYMDIARY" */ = {
			isa = XCConfigurationList;
			buildConfigurations = (
				EFED14371EB8AA7500ECF63B /* Debug */,
				EFED14381EB8AA7500ECF63B /* Release */,
			);
			defaultConfigurationIsVisible = 0;
			defaultConfigurationName = Release;
		};
		EFED14391EB8AA7500ECF63B /* Build configuration list for PBXNativeTarget "GYMDIARYTests" */ = {
			isa = XCConfigurationList;
			buildConfigurations = (
				EFED143A1EB8AA7500ECF63B /* Debug */,
				EFED143B1EB8AA7500ECF63B /* Release */,
			);
			defaultConfigurationIsVisible = 0;
			defaultConfigurationName = Release;
		};
		EFED143C1EB8AA7500ECF63B /* Build configuration list for PBXNativeTarget "GYMDIARYUITests" */ = {
			isa = XCConfigurationList;
			buildConfigurations = (
				EFED143D1EB8AA7500ECF63B /* Debug */,
				EFED143E1EB8AA7500ECF63B /* Release */,
			);
			defaultConfigurationIsVisible = 0;
			defaultConfigurationName = Release;
		};
/* End XCConfigurationList section */
	};
	rootObject = EFED14061EB8AA7500ECF63B /* Project object */;
}
